
Microsoft Visual Studio Solution File, Format Version 12.00
# Visual Studio Version 17
VisualStudioVersion = 17.0.31903.59
MinimumVisualStudioVersion = 10.0.40219.1
Project("{9A19103F-16F7-4668-BE54-9A1E7A4F7556}") = "GitlabPipelineGenerator.Core", "GitlabPipelineGenerator.Core\GitlabPipelineGenerator.Core.csproj", "{A1B2C3D4-E5F6-7890-ABCD-EF1234567890}"
EndProject
Project("{9A19103F-16F7-4668-BE54-9A1E7A4F7556}") = "GitlabPipelineGenerator.CLI", "GitlabPipelineGenerator.CLI\GitlabPipelineGenerator.CLI.csproj", "{52B1E01C-E5F5-5A16-88B0-D61F1A93F456}"
EndProject
Project("{9A19103F-16F7-4668-BE54-9A1E7A4F7556}") = "GitlabPipelineGenerator.Core.Tests", "GitlabPipelineGenerator.Core.Tests\GitlabPipelineGenerator.Core.Tests.csproj", "{129C13E9-1988-EBA5-0646-8CC012A96652}"
EndProject
Project("{FAE04EC0-301F-11D3-BF4B-00C04F79EFBC}") = "GitlabPipelineGenerator.GitLabApiClient", "GitlabPipelineGenerator.GitLabApiClient\GitlabPipelineGenerator.GitLabApiClient.csproj", "{9054ECD9-ED6F-4F9E-9EE2-82F2F157244E}"
EndProject
Project("{FAE04EC0-301F-11D3-BF4B-00C04F79EFBC}") = "GitlabPipelineGenerator.Web", "GitlabPipelineGenerator.Web\GitlabPipelineGenerator.Web.csproj", "{99758258-FF80-4EFF-8C82-4BFAF7F08657}"
EndProject
Project("{FAE04EC0-301F-11D3-BF4B-00C04F79EFBC}") = "GitlabPipelineGenerator.GOCDApiClient", "GitlabPipelineGenerator.GOCDApiClient\GitlabPipelineGenerator.GOCDApiClient.csproj", "{A1B2C3D4-E5F6-7890-ABCD-EF1234567891}"
EndProject
Global
	GlobalSection(SolutionConfigurationPlatforms) = preSolution
		Debug|Any CPU = Debug|Any CPU
		Debug|x64 = Debug|x64
		Debug|x86 = Debug|x86
		Release|Any CPU = Release|Any CPU
		Release|x64 = Release|x64
		Release|x86 = Release|x86
	EndGlobalSection
	GlobalSection(ProjectConfigurationPlatforms) = postSolution
		{A1B2C3D4-E5F6-7890-ABCD-EF1234567890}.Debug|Any CPU.ActiveCfg = Debug|Any CPU
		{A1B2C3D4-E5F6-7890-ABCD-EF1234567890}.Debug|Any CPU.Build.0 = Debug|Any CPU
		{A1B2C3D4-E5F6-7890-ABCD-EF1234567890}.Debug|x64.ActiveCfg = Debug|Any CPU
		{A1B2C3D4-E5F6-7890-ABCD-EF1234567890}.Debug|x64.Build.0 = Debug|Any CPU
		{A1B2C3D4-E5F6-7890-ABCD-EF1234567890}.Debug|x86.ActiveCfg = Debug|Any CPU
		{A1B2C3D4-E5F6-7890-ABCD-EF1234567890}.Debug|x86.Build.0 = Debug|Any CPU
		{A1B2C3D4-E5F6-7890-ABCD-EF1234567890}.Release|Any CPU.ActiveCfg = Release|Any CPU
		{A1B2C3D4-E5F6-7890-ABCD-EF1234567890}.Release|Any CPU.Build.0 = Release|Any CPU
		{A1B2C3D4-E5F6-7890-ABCD-EF1234567890}.Release|x64.ActiveCfg = Release|Any CPU
		{A1B2C3D4-E5F6-7890-ABCD-EF1234567890}.Release|x64.Build.0 = Release|Any CPU
		{A1B2C3D4-E5F6-7890-ABCD-EF1234567890}.Release|x86.ActiveCfg = Release|Any CPU
		{A1B2C3D4-E5F6-7890-ABCD-EF1234567890}.Release|x86.Build.0 = Release|Any CPU
		{52B1E01C-E5F5-5A16-88B0-D61F1A93F456}.Debug|x64.ActiveCfg = Debug|Any CPU
		{52B1E01C-E5F5-5A16-88B0-D61F1A93F456}.Debug|x64.Build.0 = Debug|Any CPU
		{52B1E01C-E5F5-5A16-88B0-D61F1A93F456}.Debug|x86.ActiveCfg = Debug|Any CPU
		{52B1E01C-E5F5-5A16-88B0-D61F1A93F456}.Debug|x86.Build.0 = Debug|Any CPU
		{52B1E01C-E5F5-5A16-88B0-D61F1A93F456}.Release|x64.ActiveCfg = Release|Any CPU
		{52B1E01C-E5F5-5A16-88B0-D61F1A93F456}.Release|x64.Build.0 = Release|Any CPU
		{52B1E01C-E5F5-5A16-88B0-D61F1A93F456}.Release|x86.ActiveCfg = Release|Any CPU
		{52B1E01C-E5F5-5A16-88B0-D61F1A93F456}.Release|x86.Build.0 = Release|Any CPU
		{129C13E9-1988-EBA5-0646-8CC012A96652}.Debug|x64.ActiveCfg = Debug|Any CPU
		{129C13E9-1988-EBA5-0646-8CC012A96652}.Debug|x64.Build.0 = Debug|Any CPU
		{129C13E9-1988-EBA5-0646-8CC012A96652}.Debug|x86.ActiveCfg = Debug|Any CPU
		{129C13E9-1988-EBA5-0646-8CC012A96652}.Debug|x86.Build.0 = Debug|Any CPU
		{129C13E9-1988-EBA5-0646-8CC012A96652}.Release|x64.ActiveCfg = Release|Any CPU
		{129C13E9-1988-EBA5-0646-8CC012A96652}.Release|x64.Build.0 = Release|Any CPU
		{129C13E9-1988-EBA5-0646-8CC012A96652}.Release|x86.ActiveCfg = Release|Any CPU
		{129C13E9-1988-EBA5-0646-8CC012A96652}.Release|x86.Build.0 = Release|Any CPU
		{9054ECD9-ED6F-4F9E-9EE2-82F2F157244E}.Debug|Any CPU.ActiveCfg = Debug|Any CPU
		{9054ECD9-ED6F-4F9E-9EE2-82F2F157244E}.Debug|Any CPU.Build.0 = Debug|Any CPU
		{9054ECD9-ED6F-4F9E-9EE2-82F2F157244E}.Debug|x64.ActiveCfg = Debug|Any CPU
		{9054ECD9-ED6F-4F9E-9EE2-82F2F157244E}.Debug|x64.Build.0 = Debug|Any CPU
		{9054ECD9-ED6F-4F9E-9EE2-82F2F157244E}.Debug|x86.ActiveCfg = Debug|Any CPU
		{9054ECD9-ED6F-4F9E-9EE2-82F2F157244E}.Debug|x86.Build.0 = Debug|Any CPU
		{9054ECD9-ED6F-4F9E-9EE2-82F2F157244E}.Release|Any CPU.ActiveCfg = Release|Any CPU
		{9054ECD9-ED6F-4F9E-9EE2-82F2F157244E}.Release|Any CPU.Build.0 = Release|Any CPU
		{9054ECD9-ED6F-4F9E-9EE2-82F2F157244E}.Release|x64.ActiveCfg = Release|Any CPU
		{9054ECD9-ED6F-4F9E-9EE2-82F2F157244E}.Release|x64.Build.0 = Release|Any CPU
		{9054ECD9-ED6F-4F9E-9EE2-82F2F157244E}.Release|x86.ActiveCfg = Release|Any CPU
		{9054ECD9-ED6F-4F9E-9EE2-82F2F157244E}.Release|x86.Build.0 = Release|Any CPU
		{99758258-FF80-4EFF-8C82-4BFAF7F08657}.Debug|Any CPU.ActiveCfg = Debug|Any CPU
		{99758258-FF80-4EFF-8C82-4BFAF7F08657}.Debug|Any CPU.Build.0 = Debug|Any CPU
		{99758258-FF80-4EFF-8C82-4BFAF7F08657}.Debug|x64.ActiveCfg = Debug|Any CPU
		{99758258-FF80-4EFF-8C82-4BFAF7F08657}.Debug|x64.Build.0 = Debug|Any CPU
		{99758258-FF80-4EFF-8C82-4BFAF7F08657}.Debug|x86.ActiveCfg = Debug|Any CPU
		{99758258-FF80-4EFF-8C82-4BFAF7F08657}.Debug|x86.Build.0 = Debug|Any CPU
		{99758258-FF80-4EFF-8C82-4BFAF7F08657}.Release|Any CPU.ActiveCfg = Release|Any CPU
		{99758258-FF80-4EFF-8C82-4BFAF7F08657}.Release|Any CPU.Build.0 = Release|Any CPU
		{99758258-FF80-4EFF-8C82-4BFAF7F08657}.Release|x64.ActiveCfg = Release|Any CPU
		{99758258-FF80-4EFF-8C82-4BFAF7F08657}.Release|x64.Build.0 = Release|Any CPU
		{99758258-FF80-4EFF-8C82-4BFAF7F08657}.Release|x86.ActiveCfg = Release|Any CPU
		{99758258-FF80-4EFF-8C82-4BFAF7F08657}.Release|x86.Build.0 = Release|Any CPU
		{A1B2C3D4-E5F6-7890-ABCD-EF1234567891}.Debug|Any CPU.ActiveCfg = Debug|Any CPU
		{A1B2C3D4-E5F6-7890-ABCD-EF1234567891}.Debug|Any CPU.Build.0 = Debug|Any CPU
		{A1B2C3D4-E5F6-7890-ABCD-EF1234567891}.Debug|x64.ActiveCfg = Debug|Any CPU
		{A1B2C3D4-E5F6-7890-ABCD-EF1234567891}.Debug|x64.Build.0 = Debug|Any CPU
		{A1B2C3D4-E5F6-7890-ABCD-EF1234567891}.Debug|x86.ActiveCfg = Debug|Any CPU
		{A1B2C3D4-E5F6-7890-ABCD-EF1234567891}.Debug|x86.Build.0 = Debug|Any CPU
		{A1B2C3D4-E5F6-7890-ABCD-EF1234567891}.Release|Any CPU.ActiveCfg = Release|Any CPU
		{A1B2C3D4-E5F6-7890-ABCD-EF1234567891}.Release|Any CPU.Build.0 = Release|Any CPU
		{A1B2C3D4-E5F6-7890-ABCD-EF1234567891}.Release|x64.ActiveCfg = Release|Any CPU
		{A1B2C3D4-E5F6-7890-ABCD-EF1234567891}.Release|x64.Build.0 = Release|Any CPU
		{A1B2C3D4-E5F6-7890-ABCD-EF1234567891}.Release|x86.ActiveCfg = Release|Any CPU
		{A1B2C3D4-E5F6-7890-ABCD-EF1234567891}.Release|x86.Build.0 = Release|Any CPU
	EndGlobalSection
	GlobalSection(SolutionProperties) = preSolution
		HideSolutionNode = FALSE
	EndGlobalSection
EndGlobal
